
Microsoft Visual Studio Solution File, Format Version 12.00
# Visual Studio Version 17
VisualStudioVersion = 17.11.35327.3
MinimumVisualStudioVersion = 10.0.40219.1
Project("{FAE04EC0-301F-11D3-BF4B-00C04F79EFBC}") = "AplicacionWeb", "AplicacionWeb\AplicacionWeb.csproj", "{FCC78379-971C-4974-A881-B2247C09200C}"
EndProject
Global
	GlobalSection(SolutionConfigurationPlatforms) = preSolution
		Debug|Any CPU = Debug|Any CPU
		Release|Any CPU = Release|Any CPU
	EndGlobalSection
	GlobalSection(ProjectConfigurationPlatforms) = postSolution
		{FCC78379-971C-4974-A881-B2247C09200C}.Debug|Any CPU.ActiveCfg = Debug|Any CPU
		{FCC78379-971C-4974-A881-B2247C09200C}.Debug|Any CPU.Build.0 = Debug|Any CPU
		{FCC78379-971C-4974-A881-B2247C09200C}.Release|Any CPU.ActiveCfg = Release|Any CPU
		{FCC78379-971C-4974-A881-B2247C09200C}.Release|Any CPU.Build.0 = Release|Any CPU
	EndGlobalSection
	GlobalSection(SolutionProperties) = preSolution
		HideSolutionNode = FALSE
	EndGlobalSection
	GlobalSection(ExtensibilityGlobals) = postSolution
		SolutionGuid = {8A918DE6-1FE4-4CB6-AA29-8208017A0020}
	EndGlobalSection
EndGlobal
